
Microsoft Visual Studio Solution File, Format Version 12.00
# Visual Studio Version 17
VisualStudioVersion = 17.5.33530.505
MinimumVisualStudioVersion = 10.0.40219.1
Project("{FAE04EC0-301F-11D3-BF4B-00C04F79EFBC}") = "ImpactDomain", "ImpactDomain\ImpactDomain.csproj", "{D7C88D8E-C870-4EC3-905B-219A7F4521FF}"
EndProject
Project("{FAE04EC0-301F-11D3-BF4B-00C04F79EFBC}") = "ImpactApplication", "ImpactApplication\ImpactApplication.csproj", "{311D34F9-3968-4283-B0BF-F93670A06DB3}"
EndProject
Project("{FAE04EC0-301F-11D3-BF4B-00C04F79EFBC}") = "ImpactPresentation", "ImpactPresentation\ImpactPresentation.csproj", "{7714406F-8C33-4646-BC0E-E30187A4EF30}"
EndProject
Project("{FAE04EC0-301F-11D3-BF4B-00C04F79EFBC}") = "ImpactWebAPI", "ImpactWebAPI\ImpactWebAPI.csproj", "{9C603B29-DA5C-4685-9C21-37330472C33E}"
EndProject
Project("{FAE04EC0-301F-11D3-BF4B-00C04F79EFBC}") = "ImpactInfastructure", "ImpactInfastructure\ImpactInfastructure.csproj", "{1C9B42AF-E62F-4F55-8151-0BBF1DFCB23D}"
EndProject
Global
	GlobalSection(SolutionConfigurationPlatforms) = preSolution
		Debug|Any CPU = Debug|Any CPU
		Release|Any CPU = Release|Any CPU
	EndGlobalSection
	GlobalSection(ProjectConfigurationPlatforms) = postSolution
		{D7C88D8E-C870-4EC3-905B-219A7F4521FF}.Debug|Any CPU.ActiveCfg = Debug|Any CPU
		{D7C88D8E-C870-4EC3-905B-219A7F4521FF}.Debug|Any CPU.Build.0 = Debug|Any CPU
		{D7C88D8E-C870-4EC3-905B-219A7F4521FF}.Release|Any CPU.ActiveCfg = Release|Any CPU
		{D7C88D8E-C870-4EC3-905B-219A7F4521FF}.Release|Any CPU.Build.0 = Release|Any CPU
		{311D34F9-3968-4283-B0BF-F93670A06DB3}.Debug|Any CPU.ActiveCfg = Debug|Any CPU
		{311D34F9-3968-4283-B0BF-F93670A06DB3}.Debug|Any CPU.Build.0 = Debug|Any CPU
		{311D34F9-3968-4283-B0BF-F93670A06DB3}.Release|Any CPU.ActiveCfg = Release|Any CPU
		{311D34F9-3968-4283-B0BF-F93670A06DB3}.Release|Any CPU.Build.0 = Release|Any CPU
		{7714406F-8C33-4646-BC0E-E30187A4EF30}.Debug|Any CPU.ActiveCfg = Debug|Any CPU
		{7714406F-8C33-4646-BC0E-E30187A4EF30}.Debug|Any CPU.Build.0 = Debug|Any CPU
		{7714406F-8C33-4646-BC0E-E30187A4EF30}.Release|Any CPU.ActiveCfg = Release|Any CPU
		{7714406F-8C33-4646-BC0E-E30187A4EF30}.Release|Any CPU.Build.0 = Release|Any CPU
		{9C603B29-DA5C-4685-9C21-37330472C33E}.Debug|Any CPU.ActiveCfg = Debug|Any CPU
		{9C603B29-DA5C-4685-9C21-37330472C33E}.Debug|Any CPU.Build.0 = Debug|Any CPU
		{9C603B29-DA5C-4685-9C21-37330472C33E}.Release|Any CPU.ActiveCfg = Release|Any CPU
		{9C603B29-DA5C-4685-9C21-37330472C33E}.Release|Any CPU.Build.0 = Release|Any CPU
		{1C9B42AF-E62F-4F55-8151-0BBF1DFCB23D}.Debug|Any CPU.ActiveCfg = Debug|Any CPU
		{1C9B42AF-E62F-4F55-8151-0BBF1DFCB23D}.Debug|Any CPU.Build.0 = Debug|Any CPU
		{1C9B42AF-E62F-4F55-8151-0BBF1DFCB23D}.Release|Any CPU.ActiveCfg = Release|Any CPU
		{1C9B42AF-E62F-4F55-8151-0BBF1DFCB23D}.Release|Any CPU.Build.0 = Release|Any CPU
	EndGlobalSection
	GlobalSection(SolutionProperties) = preSolution
		HideSolutionNode = FALSE
	EndGlobalSection
	GlobalSection(ExtensibilityGlobals) = postSolution
		SolutionGuid = {A6F32100-317D-425A-A0DB-81F5CC79B9AA}
	EndGlobalSection
EndGlobal
